
Microsoft Visual Studio Solution File, Format Version 12.00
# Visual Studio Version 16
VisualStudioVersion = 16.0.29519.87
MinimumVisualStudioVersion = 10.0.40219.1
Project("{FAE04EC0-301F-11D3-BF4B-00C04F79EFBC}") = "LifeOfPlants.App", "LifeOfPlants\LifeOfPlants.App.csproj", "{FC6612CF-5C89-4786-94E6-E6F2703DBAA4}"
EndProject
Project("{FAE04EC0-301F-11D3-BF4B-00C04F79EFBC}") = "LifeOfPlants.Domain", "LifeOfPlants.Domain\LifeOfPlants.Domain.csproj", "{BD53A02D-A134-4132-B5BF-2B45AF0AB926}"
EndProject
Global
	GlobalSection(SolutionConfigurationPlatforms) = preSolution
		Debug|Any CPU = Debug|Any CPU
		Release|Any CPU = Release|Any CPU
	EndGlobalSection
	GlobalSection(ProjectConfigurationPlatforms) = postSolution
		{FC6612CF-5C89-4786-94E6-E6F2703DBAA4}.Debug|Any CPU.ActiveCfg = Debug|Any CPU
		{FC6612CF-5C89-4786-94E6-E6F2703DBAA4}.Debug|Any CPU.Build.0 = Debug|Any CPU
		{FC6612CF-5C89-4786-94E6-E6F2703DBAA4}.Release|Any CPU.ActiveCfg = Release|Any CPU
		{FC6612CF-5C89-4786-94E6-E6F2703DBAA4}.Release|Any CPU.Build.0 = Release|Any CPU
		{BD53A02D-A134-4132-B5BF-2B45AF0AB926}.Debug|Any CPU.ActiveCfg = Debug|Any CPU
		{BD53A02D-A134-4132-B5BF-2B45AF0AB926}.Debug|Any CPU.Build.0 = Debug|Any CPU
		{BD53A02D-A134-4132-B5BF-2B45AF0AB926}.Release|Any CPU.ActiveCfg = Release|Any CPU
		{BD53A02D-A134-4132-B5BF-2B45AF0AB926}.Release|Any CPU.Build.0 = Release|Any CPU
	EndGlobalSection
	GlobalSection(SolutionProperties) = preSolution
		HideSolutionNode = FALSE
	EndGlobalSection
	GlobalSection(ExtensibilityGlobals) = postSolution
		SolutionGuid = {97543E32-73B1-4254-829D-F7CDAAE7A2D9}
	EndGlobalSection
EndGlobal
